github.com/seanmmitchell/ale/v2 v2.0.0 h1:uv6Gaiqp057gaY2WqoyblyvnDRdcDNHFr3KhiHXHP7o=
github.com/seanmmitchell/ale/v2 v2.0.0/go.mod h1:iws8mDb0qZEiliz1YHDFPmBBYPe8C/57dF33bCHRTIo=
github.com/wzshiming/ctc v1.2.3 h1:q+hW3IQNsjIlOFBTGZZZeIXTElFM4grF4spW/errh/c=
github.com/wzshiming/ctc v1.2.3/go.mod h1:2tVAtIY7SUyraSk0JxvwmONNPFL4ARavPuEsg5+KA28=
github.com/wzshiming/winseq v0.0.0-20200112104235-db357dc107ae/go.mod h1:VTAq37rkGeV+WOybvZwjXiJOicICdpLCN8ifpISjK20=
github.com/wzshiming/winseq v0.0.0-20200720163736-7fa652d2b50e h1:lp2XFXaf81Y9yhE4rIt66qe6ss0jSQsBpIYWz8D/5N0=
github.com/wzshiming/winseq v0.0.0-20200720163736-7fa652d2b50e/go.mod h1:VTAq37rkGeV+WOybvZwjXiJOicICdpLCN8ifpISjK20=
golang.org/x/sys v0.0.0-20200107162124-548cf772de50/go.mod h1:h1NjWce9XRLGQEsW7wpKNCjG9DtNlClVuFLEZdDNbEs=
golang.org/x/sys v0.17.0 h1:25cE3gD+tdBA7lp7QfhuV+rJiE9YXTcS3VG1SqssI/Y=
golang.org/x/sys v0.17.0/go.mod h1:/VUhepiaJMQUp4+oa/7Zr1D23ma6VTLIYjOOTFZPUcA=
