github.com/seanmmitchell/ale v0.0.0-20230131000223-08cddae0f304 h1:gSVuLYT7bqH0QEhGGermaFe//kJHNdMX0n1zzt7kQ0I=
github.com/seanmmitchell/ale v0.0.0-20230131000223-08cddae0f304/go.mod h1:8bfRaOMRYmuGwPFTwlWVQfZozrrbiOdhFjzFQeqWLFQ=
github.com/seanmmitchell/ale v1.0.0 h1:MPQ1ZcfGWZ9RvzcL1mg+uosi2XYo/xticmB2LnHAp1U=
github.com/seanmmitchell/ale v1.0.0/go.mod h1:8bfRaOMRYmuGwPFTwlWVQfZozrrbiOdhFjzFQeqWLFQ=
github.com/seanmmitchell/ale v1.0.1 h1:SmPwBHE8lrAio8ZlYO146ntGi1LJERShal73VRWEAWY=
github.com/seanmmitchell/ale v1.0.1/go.mod h1:8bfRaOMRYmuGwPFTwlWVQfZozrrbiOdhFjzFQeqWLFQ=
github.com/wzshiming/ctc v1.2.3 h1:q+hW3IQNsjIlOFBTGZZZeIXTElFM4grF4spW/errh/c=
github.com/wzshiming/ctc v1.2.3/go.mod h1:2tVAtIY7SUyraSk0JxvwmONNPFL4ARavPuEsg5+KA28=
github.com/wzshiming/winseq v0.0.0-20200112104235-db357dc107ae h1:tpXvBXC3hpQBDCc9OojJZCQMVRAbT3TTdUMP8WguXkY=
github.com/wzshiming/winseq v0.0.0-20200112104235-db357dc107ae/go.mod h1:VTAq37rkGeV+WOybvZwjXiJOicICdpLCN8ifpISjK20=
github.com/wzshiming/winseq v0.0.0-20200720163736-7fa652d2b50e h1:lp2XFXaf81Y9yhE4rIt66qe6ss0jSQsBpIYWz8D/5N0=
github.com/wzshiming/winseq v0.0.0-20200720163736-7fa652d2b50e/go.mod h1:VTAq37rkGeV+WOybvZwjXiJOicICdpLCN8ifpISjK20=
golang.org/x/sys v0.0.0-20200107162124-548cf772de50 h1:YvQ10rzcqWXLlJZ3XCUoO25savxmscf4+SC+ZqiCHhA=
golang.org/x/sys v0.0.0-20200107162124-548cf772de50/go.mod h1:h1NjWce9XRLGQEsW7wpKNCjG9DtNlClVuFLEZdDNbEs=
golang.org/x/sys v0.4.0 h1:Zr2JFtRQNX3BCZ8YtxRE9hNJYC8J6I1MVbMg6owUp18=
golang.org/x/sys v0.4.0/go.mod h1:oPkhp1MJrh7nUepCBck5+mAzfO9JrbApNNgaTdGDITg=
